{
  "name": "repo-to-content-skill",
  "version": "0.1.0",
  "lockfileVersion": 3,
  "requires": true,
  "packages": {
    "": {
      "name": "repo-to-content-skill",
      "version": "0.1.0",
      "license": "MIT",
      "bin": {
        "repo-to-content": "bin/repo-to-content.js"
      },
      "engines": {
        "node": ">=20"
      }
    }
  }
}
